
Microsoft Visual Studio Solution File, Format Version 12.00
# Visual Studio 2013
VisualStudioVersion = 12.0.31101.0
MinimumVisualStudioVersion = 10.0.40219.1
Project("{FAE04EC0-301F-11D3-BF4B-00C04F79EFBC}") = "X2AddOnTechTreeEditor", "X2AddOnTechTreeEditor\X2AddOnTechTreeEditor.csproj", "{F1889ACD-7680-4AEC-AEF6-9658F4E1F859}"
EndProject
Project("{FAE04EC0-301F-11D3-BF4B-00C04F79EFBC}") = "DRSLibrary", "DRSLibrary\DRSLibrary.csproj", "{4C0EC97D-E156-4AEF-9BBB-2DCDACC34512}"
EndProject
Project("{FAE04EC0-301F-11D3-BF4B-00C04F79EFBC}") = "IORAMHelper", "..\DRSExplorer\IORAMHelper\IORAMHelper.csproj", "{E916CAA5-59A9-4F62-A8FB-0CEEC2D840B8}"
EndProject
Project("{FAE04EC0-301F-11D3-BF4B-00C04F79EFBC}") = "SLPLoader", "..\DRSExplorer\SLPLoader\SLPLoader.csproj", "{A964B92B-BAB2-42B0-AB1F-9AF65597707F}"
EndProject
Project("{FAE04EC0-301F-11D3-BF4B-00C04F79EFBC}") = "BMPLoaderNew", "..\DRSExplorer\BMPLoaderNew\BMPLoaderNew.csproj", "{328B4638-6A65-4A99-AAE4-768D98091A40}"
EndProject
Project("{FAE04EC0-301F-11D3-BF4B-00C04F79EFBC}") = "GenieLibrary", "GenieLibrary\GenieLibrary.csproj", "{999F8815-8F80-403A-95A6-48ADE9B5B52A}"
EndProject
Global
	GlobalSection(SolutionConfigurationPlatforms) = preSolution
		Debug|Any CPU = Debug|Any CPU
		Documentation|Any CPU = Documentation|Any CPU
		Nsis|Any CPU = Nsis|Any CPU
		Release|Any CPU = Release|Any CPU
	EndGlobalSection
	GlobalSection(ProjectConfigurationPlatforms) = postSolution
		{F1889ACD-7680-4AEC-AEF6-9658F4E1F859}.Debug|Any CPU.ActiveCfg = Debug|Any CPU
		{F1889ACD-7680-4AEC-AEF6-9658F4E1F859}.Debug|Any CPU.Build.0 = Debug|Any CPU
		{F1889ACD-7680-4AEC-AEF6-9658F4E1F859}.Documentation|Any CPU.ActiveCfg = Debug|Any CPU
		{F1889ACD-7680-4AEC-AEF6-9658F4E1F859}.Documentation|Any CPU.Build.0 = Debug|Any CPU
		{F1889ACD-7680-4AEC-AEF6-9658F4E1F859}.Nsis|Any CPU.ActiveCfg = Release|Any CPU
		{F1889ACD-7680-4AEC-AEF6-9658F4E1F859}.Nsis|Any CPU.Build.0 = Release|Any CPU
		{F1889ACD-7680-4AEC-AEF6-9658F4E1F859}.Release|Any CPU.ActiveCfg = Release|Any CPU
		{F1889ACD-7680-4AEC-AEF6-9658F4E1F859}.Release|Any CPU.Build.0 = Release|Any CPU
		{4C0EC97D-E156-4AEF-9BBB-2DCDACC34512}.Debug|Any CPU.ActiveCfg = Debug|Any CPU
		{4C0EC97D-E156-4AEF-9BBB-2DCDACC34512}.Debug|Any CPU.Build.0 = Debug|Any CPU
		{4C0EC97D-E156-4AEF-9BBB-2DCDACC34512}.Documentation|Any CPU.ActiveCfg = Debug|Any CPU
		{4C0EC97D-E156-4AEF-9BBB-2DCDACC34512}.Documentation|Any CPU.Build.0 = Debug|Any CPU
		{4C0EC97D-E156-4AEF-9BBB-2DCDACC34512}.Nsis|Any CPU.ActiveCfg = Release|Any CPU
		{4C0EC97D-E156-4AEF-9BBB-2DCDACC34512}.Nsis|Any CPU.Build.0 = Release|Any CPU
		{4C0EC97D-E156-4AEF-9BBB-2DCDACC34512}.Release|Any CPU.ActiveCfg = Release|Any CPU
		{4C0EC97D-E156-4AEF-9BBB-2DCDACC34512}.Release|Any CPU.Build.0 = Release|Any CPU
		{E916CAA5-59A9-4F62-A8FB-0CEEC2D840B8}.Debug|Any CPU.ActiveCfg = Debug|Any CPU
		{E916CAA5-59A9-4F62-A8FB-0CEEC2D840B8}.Debug|Any CPU.Build.0 = Debug|Any CPU
		{E916CAA5-59A9-4F62-A8FB-0CEEC2D840B8}.Documentation|Any CPU.ActiveCfg = Debug|Any CPU
		{E916CAA5-59A9-4F62-A8FB-0CEEC2D840B8}.Documentation|Any CPU.Build.0 = Debug|Any CPU
		{E916CAA5-59A9-4F62-A8FB-0CEEC2D840B8}.Nsis|Any CPU.ActiveCfg = Release|Any CPU
		{E916CAA5-59A9-4F62-A8FB-0CEEC2D840B8}.Nsis|Any CPU.Build.0 = Release|Any CPU
		{E916CAA5-59A9-4F62-A8FB-0CEEC2D840B8}.Release|Any CPU.ActiveCfg = Release|Any CPU
		{E916CAA5-59A9-4F62-A8FB-0CEEC2D840B8}.Release|Any CPU.Build.0 = Release|Any CPU
		{A964B92B-BAB2-42B0-AB1F-9AF65597707F}.Debug|Any CPU.ActiveCfg = Debug|Any CPU
		{A964B92B-BAB2-42B0-AB1F-9AF65597707F}.Debug|Any CPU.Build.0 = Debug|Any CPU
		{A964B92B-BAB2-42B0-AB1F-9AF65597707F}.Documentation|Any CPU.ActiveCfg = Debug|Any CPU
		{A964B92B-BAB2-42B0-AB1F-9AF65597707F}.Documentation|Any CPU.Build.0 = Debug|Any CPU
		{A964B92B-BAB2-42B0-AB1F-9AF65597707F}.Nsis|Any CPU.ActiveCfg = Release|Any CPU
		{A964B92B-BAB2-42B0-AB1F-9AF65597707F}.Nsis|Any CPU.Build.0 = Release|Any CPU
		{A964B92B-BAB2-42B0-AB1F-9AF65597707F}.Release|Any CPU.ActiveCfg = Release|Any CPU
		{A964B92B-BAB2-42B0-AB1F-9AF65597707F}.Release|Any CPU.Build.0 = Release|Any CPU
		{328B4638-6A65-4A99-AAE4-768D98091A40}.Debug|Any CPU.ActiveCfg = Debug|Any CPU
		{328B4638-6A65-4A99-AAE4-768D98091A40}.Debug|Any CPU.Build.0 = Debug|Any CPU
		{328B4638-6A65-4A99-AAE4-768D98091A40}.Documentation|Any CPU.ActiveCfg = Debug|Any CPU
		{328B4638-6A65-4A99-AAE4-768D98091A40}.Documentation|Any CPU.Build.0 = Debug|Any CPU
		{328B4638-6A65-4A99-AAE4-768D98091A40}.Nsis|Any CPU.ActiveCfg = Release|Any CPU
		{328B4638-6A65-4A99-AAE4-768D98091A40}.Nsis|Any CPU.Build.0 = Release|Any CPU
		{328B4638-6A65-4A99-AAE4-768D98091A40}.Release|Any CPU.ActiveCfg = Release|Any CPU
		{328B4638-6A65-4A99-AAE4-768D98091A40}.Release|Any CPU.Build.0 = Release|Any CPU
		{999F8815-8F80-403A-95A6-48ADE9B5B52A}.Debug|Any CPU.ActiveCfg = Debug|Any CPU
		{999F8815-8F80-403A-95A6-48ADE9B5B52A}.Debug|Any CPU.Build.0 = Debug|Any CPU
		{999F8815-8F80-403A-95A6-48ADE9B5B52A}.Documentation|Any CPU.ActiveCfg = Debug|Any CPU
		{999F8815-8F80-403A-95A6-48ADE9B5B52A}.Documentation|Any CPU.Build.0 = Debug|Any CPU
		{999F8815-8F80-403A-95A6-48ADE9B5B52A}.Nsis|Any CPU.ActiveCfg = Release|Any CPU
		{999F8815-8F80-403A-95A6-48ADE9B5B52A}.Nsis|Any CPU.Build.0 = Release|Any CPU
		{999F8815-8F80-403A-95A6-48ADE9B5B52A}.Release|Any CPU.ActiveCfg = Release|Any CPU
		{999F8815-8F80-403A-95A6-48ADE9B5B52A}.Release|Any CPU.Build.0 = Release|Any CPU
	EndGlobalSection
	GlobalSection(SolutionProperties) = preSolution
		HideSolutionNode = FALSE
	EndGlobalSection
	GlobalSection(Performance) = preSolution
		HasPerformanceSessions = true
	EndGlobalSection
EndGlobal
